
Microsoft Visual Studio Solution File, Format Version 12.00
# Visual Studio Version 17
VisualStudioVersion = 17.3.32804.467
MinimumVisualStudioVersion = 10.0.40219.1
Project("{9A19103F-16F7-4668-BE54-9A1E7A4F7556}") = "PackageUsage", "PackageUsage.csproj", "{A5614C2B-53C6-4E77-88F4-8C45B714EF90}"
EndProject
Global
	GlobalSection(SolutionConfigurationPlatforms) = preSolution
		Debug|Any CPU = Debug|Any CPU
		Release|Any CPU = Release|Any CPU
	EndGlobalSection
	GlobalSection(ProjectConfigurationPlatforms) = postSolution
		{A5614C2B-53C6-4E77-88F4-8C45B714EF90}.Debug|Any CPU.ActiveCfg = Debug|Any CPU
		{A5614C2B-53C6-4E77-88F4-8C45B714EF90}.Debug|Any CPU.Build.0 = Debug|Any CPU
		{A5614C2B-53C6-4E77-88F4-8C45B714EF90}.Release|Any CPU.ActiveCfg = Release|Any CPU
		{A5614C2B-53C6-4E77-88F4-8C45B714EF90}.Release|Any CPU.Build.0 = Release|Any CPU
	EndGlobalSection
	GlobalSection(SolutionProperties) = preSolution
		HideSolutionNode = FALSE
	EndGlobalSection
	GlobalSection(ExtensibilityGlobals) = postSolution
		SolutionGuid = {FF46429B-2ED5-4FCE-93B7-17B03B5163FD}
	EndGlobalSection
EndGlobal
